
Microsoft Visual Studio Solution File, Format Version 12.00
# Visual Studio Version 17
VisualStudioVersion = 17.1.32210.238
MinimumVisualStudioVersion = 10.0.40219.1
Project("{9A19103F-16F7-4668-BE54-9A1E7A4F7556}") = "WpfCallOptionPricer", "databasesoft\WpfCallOptionPricer.csproj", "{80F47173-D8D9-4F06-874A-65840DBF8133}"
EndProject
Project("{9A19103F-16F7-4668-BE54-9A1E7A4F7556}") = "SqliteUseCase", "sqlitedatabase\SqliteUseCase.csproj", "{AF772C26-67C0-4DA0-B888-5AD2FC76C81E}"
EndProject
Project("{9A19103F-16F7-4668-BE54-9A1E7A4F7556}") = "SqliteInverseDataUseCase", "sqliteinversdata\SqliteInverseDataUseCase.csproj", "{021AF4E9-2358-44F5-BF85-32D984CD9C4A}"
EndProject
Project("{9A19103F-16F7-4668-BE54-9A1E7A4F7556}") = "CallOptionPricing", "optionpricing\CallOptionPricing.csproj", "{061AA35E-1658-4E2A-9290-8D69C5D3127F}"
EndProject
Project("{9A19103F-16F7-4668-BE54-9A1E7A4F7556}") = "WpfFluentRibbonTest", "prevactndc\WpfFluentRibbonTest.csproj", "{9058CD04-0ADC-40C4-9420-39C7C71DD548}"
EndProject
Project("{FAE04EC0-301F-11D3-BF4B-00C04F79EFBC}") = "WpfChinookDataApp", "WpfChinookDataApp\WpfChinookDataApp.csproj", "{9C41F87D-9426-47BC-BEA7-5772DA960597}"
EndProject
Project("{FAE04EC0-301F-11D3-BF4B-00C04F79EFBC}") = "ReservingPropertyAndCasualty", "ReservingPropertyAndCasualty\ReservingPropertyAndCasualty.csproj", "{F8262AED-C19F-49C7-AF90-82A8B9567206}"
EndProject
Global
	GlobalSection(SolutionConfigurationPlatforms) = preSolution
		Debug|Any CPU = Debug|Any CPU
		Release|Any CPU = Release|Any CPU
	EndGlobalSection
	GlobalSection(ProjectConfigurationPlatforms) = postSolution
		{80F47173-D8D9-4F06-874A-65840DBF8133}.Debug|Any CPU.ActiveCfg = Debug|Any CPU
		{80F47173-D8D9-4F06-874A-65840DBF8133}.Debug|Any CPU.Build.0 = Debug|Any CPU
		{80F47173-D8D9-4F06-874A-65840DBF8133}.Release|Any CPU.ActiveCfg = Release|Any CPU
		{80F47173-D8D9-4F06-874A-65840DBF8133}.Release|Any CPU.Build.0 = Release|Any CPU
		{AF772C26-67C0-4DA0-B888-5AD2FC76C81E}.Debug|Any CPU.ActiveCfg = Debug|Any CPU
		{AF772C26-67C0-4DA0-B888-5AD2FC76C81E}.Debug|Any CPU.Build.0 = Debug|Any CPU
		{AF772C26-67C0-4DA0-B888-5AD2FC76C81E}.Release|Any CPU.ActiveCfg = Release|Any CPU
		{AF772C26-67C0-4DA0-B888-5AD2FC76C81E}.Release|Any CPU.Build.0 = Release|Any CPU
		{021AF4E9-2358-44F5-BF85-32D984CD9C4A}.Debug|Any CPU.ActiveCfg = Debug|Any CPU
		{021AF4E9-2358-44F5-BF85-32D984CD9C4A}.Debug|Any CPU.Build.0 = Debug|Any CPU
		{021AF4E9-2358-44F5-BF85-32D984CD9C4A}.Release|Any CPU.ActiveCfg = Release|Any CPU
		{021AF4E9-2358-44F5-BF85-32D984CD9C4A}.Release|Any CPU.Build.0 = Release|Any CPU
		{061AA35E-1658-4E2A-9290-8D69C5D3127F}.Debug|Any CPU.ActiveCfg = Debug|Any CPU
		{061AA35E-1658-4E2A-9290-8D69C5D3127F}.Debug|Any CPU.Build.0 = Debug|Any CPU
		{061AA35E-1658-4E2A-9290-8D69C5D3127F}.Release|Any CPU.ActiveCfg = Release|Any CPU
		{061AA35E-1658-4E2A-9290-8D69C5D3127F}.Release|Any CPU.Build.0 = Release|Any CPU
		{9058CD04-0ADC-40C4-9420-39C7C71DD548}.Debug|Any CPU.ActiveCfg = Debug|Any CPU
		{9058CD04-0ADC-40C4-9420-39C7C71DD548}.Debug|Any CPU.Build.0 = Debug|Any CPU
		{9058CD04-0ADC-40C4-9420-39C7C71DD548}.Release|Any CPU.ActiveCfg = Release|Any CPU
		{9058CD04-0ADC-40C4-9420-39C7C71DD548}.Release|Any CPU.Build.0 = Release|Any CPU
		{9C41F87D-9426-47BC-BEA7-5772DA960597}.Debug|Any CPU.ActiveCfg = Debug|Any CPU
		{9C41F87D-9426-47BC-BEA7-5772DA960597}.Debug|Any CPU.Build.0 = Debug|Any CPU
		{9C41F87D-9426-47BC-BEA7-5772DA960597}.Release|Any CPU.ActiveCfg = Release|Any CPU
		{9C41F87D-9426-47BC-BEA7-5772DA960597}.Release|Any CPU.Build.0 = Release|Any CPU
		{F8262AED-C19F-49C7-AF90-82A8B9567206}.Debug|Any CPU.ActiveCfg = Debug|Any CPU
		{F8262AED-C19F-49C7-AF90-82A8B9567206}.Debug|Any CPU.Build.0 = Debug|Any CPU
		{F8262AED-C19F-49C7-AF90-82A8B9567206}.Release|Any CPU.ActiveCfg = Release|Any CPU
		{F8262AED-C19F-49C7-AF90-82A8B9567206}.Release|Any CPU.Build.0 = Release|Any CPU
	EndGlobalSection
	GlobalSection(SolutionProperties) = preSolution
		HideSolutionNode = FALSE
	EndGlobalSection
	GlobalSection(ExtensibilityGlobals) = postSolution
		SolutionGuid = {18F6DEE3-3EE1-4609-804C-C54F0E58AEC0}
	EndGlobalSection
EndGlobal
